
Microsoft Visual Studio Solution File, Format Version 12.00
# Visual Studio Version 17
VisualStudioVersion = 17.5.33516.290
MinimumVisualStudioVersion = 10.0.40219.1
Project("{FAE04EC0-301F-11D3-BF4B-00C04F79EFBC}") = "Ejercicio19.Consola", "Ejercicio19.Consola\Ejercicio19.Consola.csproj", "{6A129834-4937-442E-B296-C34207D1B221}"
EndProject
Global
	GlobalSection(SolutionConfigurationPlatforms) = preSolution
		Debug|Any CPU = Debug|Any CPU
		Release|Any CPU = Release|Any CPU
	EndGlobalSection
	GlobalSection(ProjectConfigurationPlatforms) = postSolution
		{6A129834-4937-442E-B296-C34207D1B221}.Debug|Any CPU.ActiveCfg = Debug|Any CPU
		{6A129834-4937-442E-B296-C34207D1B221}.Debug|Any CPU.Build.0 = Debug|Any CPU
		{6A129834-4937-442E-B296-C34207D1B221}.Release|Any CPU.ActiveCfg = Release|Any CPU
		{6A129834-4937-442E-B296-C34207D1B221}.Release|Any CPU.Build.0 = Release|Any CPU
	EndGlobalSection
	GlobalSection(SolutionProperties) = preSolution
		HideSolutionNode = FALSE
	EndGlobalSection
	GlobalSection(ExtensibilityGlobals) = postSolution
		SolutionGuid = {A118D57A-E719-493E-85DA-7389FA2C30CE}
	EndGlobalSection
EndGlobal
